
Microsoft Visual Studio Solution File, Format Version 12.00
# Visual Studio Version 17
VisualStudioVersion = 17.7.34003.232
MinimumVisualStudioVersion = 10.0.40219.1
Project("{FAE04EC0-301F-11D3-BF4B-00C04F79EFBC}") = "sealed2", "sealed2\sealed2.csproj", "{6CE0F004-2209-4461-B13C-773E3E5021E8}"
EndProject
Global
	GlobalSection(SolutionConfigurationPlatforms) = preSolution
		Debug|Any CPU = Debug|Any CPU
		Release|Any CPU = Release|Any CPU
	EndGlobalSection
	GlobalSection(ProjectConfigurationPlatforms) = postSolution
		{6CE0F004-2209-4461-B13C-773E3E5021E8}.Debug|Any CPU.ActiveCfg = Debug|Any CPU
		{6CE0F004-2209-4461-B13C-773E3E5021E8}.Debug|Any CPU.Build.0 = Debug|Any CPU
		{6CE0F004-2209-4461-B13C-773E3E5021E8}.Release|Any CPU.ActiveCfg = Release|Any CPU
		{6CE0F004-2209-4461-B13C-773E3E5021E8}.Release|Any CPU.Build.0 = Release|Any CPU
	EndGlobalSection
	GlobalSection(SolutionProperties) = preSolution
		HideSolutionNode = FALSE
	EndGlobalSection
	GlobalSection(ExtensibilityGlobals) = postSolution
		SolutionGuid = {94522049-06A7-4787-85B2-62E57510257A}
	EndGlobalSection
EndGlobal
